// !$*UTF8*$!
{
	archiveVersion = 1;
	classes = {
	};
	objectVersion = 46;
	objects = {

/* Begin PBXBuildFile section */
		2B7E9C0E1B344F130027B072 /* AppDelegate.swift in Sources */ = {isa = PBXBuildFile; fileRef = 2B7E9C0D1B344F130027B072 /* AppDelegate.swift */; };
		2B7E9C101B344F130027B072 /* ViewController.swift in Sources */ = {isa = PBXBuildFile; fileRef = 2B7E9C0F1B344F130027B072 /* ViewController.swift */; };
		2B7E9C131B344F130027B072 /* Main.storyboard in Resources */ = {isa = PBXBuildFile; fileRef = 2B7E9C111B344F130027B072 /* Main.storyboard */; };
		2B7E9C151B344F130027B072 /* Images.xcassets in Resources */ = {isa = PBXBuildFile; fileRef = 2B7E9C141B344F130027B072 /* Images.xcassets */; };
		2B7E9C181B344F130027B072 /* LaunchScreen.xib in Resources */ = {isa = PBXBuildFile; fileRef = 2B7E9C161B344F130027B072 /* LaunchScreen.xib */; };
		2B7E9C241B344F130027B072 /* WeatherTests.swift in Sources */ = {isa = PBXBuildFile; fileRef = 2B7E9C231B344F130027B072 /* WeatherTests.swift */; };
/* End PBXBuildFile section */

/* Begin PBXContainerItemProxy section */
		2B7E9C1E1B344F130027B072 /* PBXContainerItemProxy */ = {
			isa = PBXContainerItemProxy;
			containerPortal = 2B7E9C001B344F130027B072 /* Project object */;
			proxyType = 1;
			remoteGlobalIDString = 2B7E9C071B344F130027B072;
			remoteInfo = Weather;
		};
/* End PBXContainerItemProxy section */

/* Begin PBXFileReference section */
		2B7E9C081B344F130027B072 /* Weather.app */ = {isa = PBXFileReference; explicitFileType = wrapper.application; includeInIndex = 0; path = Weather.app; sourceTree = BUILT_PRODUCTS_DIR; };
		2B7E9C0C1B344F130027B072 /* Info.plist */ = {isa = PBXFileReference; lastKnownFileType = text.plist.xml; path = Info.plist; sourceTree = "<group>"; };
		2B7E9C0D1B344F130027B072 /* AppDelegate.swift */ = {isa = PBXFileReference; lastKnownFileType = sourcecode.swift; path = AppDelegate.swift; sourceTree = "<group>"; };
		2B7E9C0F1B344F130027B072 /* ViewController.swift */ = {isa = PBXFileReference; lastKnownFileType = sourcecode.swift; path = ViewController.swift; sourceTree = "<group>"; };
		2B7E9C121B344F130027B072 /* Base */ = {isa = PBXFileReference; lastKnownFileType = file.storyboard; name = Base; path = Base.lproj/Main.storyboard; sourceTree = "<group>"; };
		2B7E9C141B344F130027B072 /* Images.xcassets */ = {isa = PBXFileReference; lastKnownFileType = folder.assetcatalog; path = Images.xcassets; sourceTree = "<group>"; };
		2B7E9C171B344F130027B072 /* Base */ = {isa = PBXFileReference; lastKnownFileType = file.xib; name = Base; path = Base.lproj/LaunchScreen.xib; sourceTree = "<group>"; };
		2B7E9C1D1B344F130027B072 /* WeatherTests.xctest */ = {isa = PBXFileReference; explicitFileType = wrapper.cfbundle; includeInIndex = 0; path = WeatherTests.xctest; sourceTree = BUILT_PRODUCTS_DIR; };
		2B7E9C221B344F130027B072 /* Info.plist */ = {isa = PBXFileReference; lastKnownFileType = text.plist.xml; path = Info.plist; sourceTree = "<group>"; };
		2B7E9C231B344F130027B072 /* WeatherTests.swift */ = {isa = PBXFileReference; lastKnownFileType = sourcecode.swift; path = WeatherTests.swift; sourceTree = "<group>"; };
/* End PBXFileReference section */

/* Begin PBXFrameworksBuildPhase section */
		2B7E9C051B344F130027B072 /* Frameworks */ = {
			isa = PBXFrameworksBuildPhase;
			buildActionMask = 2147483647;
			files = (
			);
			runOnlyForDeploymentPostprocessing = 0;
		};
		2B7E9C1A1B344F130027B072 /* Frameworks */ = {
			isa = PBXFrameworksBuildPhase;
			buildActionMask = 2147483647;
			files = (
			);
			runOnlyForDeploymentPostprocessing = 0;
		};
/* End PBXFrameworksBuildPhase section */

/* Begin PBXGroup section */
		2B7E9BFF1B344F130027B072 = {
			isa = PBXGroup;
			children = (
				2B7E9C0A1B344F130027B072 /* Weather */,
				2B7E9C201B344F130027B072 /* WeatherTests */,
				2B7E9C091B344F130027B072 /* Products */,
			);
			sourceTree = "<group>";
		};
		2B7E9C091B344F130027B072 /* Products */ = {
			isa = PBXGroup;
			children = (
				2B7E9C081B344F130027B072 /* Weather.app */,
				2B7E9C1D1B344F130027B072 /* WeatherTests.xctest */,
			);
			name = Products;
			sourceTree = "<group>";
		};
		2B7E9C0A1B344F130027B072 /* Weather */ = {
			isa = PBXGroup;
			children = (
				2B7E9C0D1B344F130027B072 /* AppDelegate.swift */,
				2B7E9C0F1B344F130027B072 /* ViewController.swift */,
				2B7E9C111B344F130027B072 /* Main.storyboard */,
				2B7E9C141B344F130027B072 /* Images.xcassets */,
				2B7E9C161B344F130027B072 /* LaunchScreen.xib */,
				2B7E9C0B1B344F130027B072 /* Supporting Files */,
			);
			path = Weather;
			sourceTree = "<group>";
		};
		2B7E9C0B1B344F130027B072 /* Supporting Files */ = {
			isa = PBXGroup;
			children = (
				2B7E9C0C1B344F130027B072 /* Info.plist */,
			);
			name = "Supporting Files";
			sourceTree = "<group>";
		};
		2B7E9C201B344F130027B072 /* WeatherTests */ = {
			isa = PBXGroup;
			children = (
				2B7E9C231B344F130027B072 /* WeatherTests.swift */,
				2B7E9C211B344F130027B072 /* Supporting Files */,
			);
			path = WeatherTests;
			sourceTree = "<group>";
		};
		2B7E9C211B344F130027B072 /* Supporting Files */ = {
			isa = PBXGroup;
			children = (
				2B7E9C221B344F130027B072 /* Info.plist */,
			);
			name = "Supporting Files";
			sourceTree = "<group>";
		};
/* End PBXGroup section */

/* Begin PBXNativeTarget section */
		2B7E9C071B344F130027B072 /* Weather */ = {
			isa = PBXNativeTarget;
			buildConfigurationList = 2B7E9C271B344F130027B072 /* Build configuration list for PBXNativeTarget "Weather" */;
			buildPhases = (
				2B7E9C041B344F130027B072 /* Sources */,
				2B7E9C051B344F130027B072 /* Frameworks */,
				2B7E9C061B344F130027B072 /* Resources */,
			);
			buildRules = (
			);
			dependencies = (
			);
			name = Weather;
			productName = Weather;
			productReference = 2B7E9C081B344F130027B072 /* Weather.app */;
			productType = "com.apple.product-type.application";
		};
		2B7E9C1C1B344F130027B072 /* WeatherTests */ = {
			isa = PBXNativeTarget;
			buildConfigurationList = 2B7E9C2A1B344F130027B072 /* Build configuration list for PBXNativeTarget "WeatherTests" */;
			buildPhases = (
				2B7E9C191B344F130027B072 /* Sources */,
				2B7E9C1A1B344F130027B072 /* Frameworks */,
				2B7E9C1B1B344F130027B072 /* Resources */,
			);
			buildRules = (
			);
			dependencies = (
				2B7E9C1F1B344F130027B072 /* PBXTargetDependency */,
			);
			name = WeatherTests;
			productName = WeatherTests;
			productReference = 2B7E9C1D1B344F130027B072 /* WeatherTests.xctest */;
			productType = "com.apple.product-type.bundle.unit-test";
		};
/* End PBXNativeTarget section */

/* Begin PBXProject section */
		2B7E9C001B344F130027B072 /* Project object */ = {
			isa = PBXProject;
			attributes = {
				LastUpgradeCheck = 0630;
				ORGANIZATIONNAME = "find-it.cz spol. s r. o.";
				TargetAttributes = {
					2B7E9C071B344F130027B072 = {
						CreatedOnToolsVersion = 6.3.2;
					};
					2B7E9C1C1B344F130027B072 = {
						CreatedOnToolsVersion = 6.3.2;
						TestTargetID = 2B7E9C071B344F130027B072;
					};
				};
			};
			buildConfigurationList = 2B7E9C031B344F130027B072 /* Build configuration list for PBXProject "Weather" */;
			compatibilityVersion = "Xcode 3.2";
			developmentRegion = English;
			hasScannedForEncodings = 0;
			knownRegions = (
				en,
				Base,
			);
			mainGroup = 2B7E9BFF1B344F130027B072;
			productRefGroup = 2B7E9C091B344F130027B072 /* Products */;
			projectDirPath = "";
			projectRoot = "";
			targets = (
				2B7E9C071B344F130027B072 /* Weather */,
				2B7E9C1C1B344F130027B072 /* WeatherTests */,
			);
		};
/* End PBXProject section */

/* Begin PBXResourcesBuildPhase section */
		2B7E9C061B344F130027B072 /* Resources */ = {
			isa = PBXResourcesBuildPhase;
			buildActionMask = 2147483647;
			files = (
				2B7E9C131B344F130027B072 /* Main.storyboard in Resources */,
				2B7E9C181B344F130027B072 /* LaunchScreen.xib in Resources */,
				2B7E9C151B344F130027B072 /* Images.xcassets in Resources */,
			);
			runOnlyForDeploymentPostprocessing = 0;
		};
		2B7E9C1B1B344F130027B072 /* Resources */ = {
			isa = PBXResourcesBuildPhase;
			buildActionMask = 2147483647;
			files = (
			);
			runOnlyForDeploymentPostprocessing = 0;
		};
/* End PBXResourcesBuildPhase section */

/* Begin PBXSourcesBuildPhase section */
		2B7E9C041B344F130027B072 /* Sources */ = {
			isa = PBXSourcesBuildPhase;
			buildActionMask = 2147483647;
			files = (
				2B7E9C101B344F130027B072 /* ViewController.swift in Sources */,
				2B7E9C0E1B344F130027B072 /* AppDelegate.swift in Sources */,
			);
			runOnlyForDeploymentPostprocessing = 0;
		};
		2B7E9C191B344F130027B072 /* Sources */ = {
			isa = PBXSourcesBuildPhase;
			buildActionMask = 2147483647;
			files = (
				2B7E9C241B344F130027B072 /* WeatherTests.swift in Sources */,
			);
			runOnlyForDeploymentPostprocessing = 0;
		};
/* End PBXSourcesBuildPhase section */

/* Begin PBXTargetDependency section */
		2B7E9C1F1B344F130027B072 /* PBXTargetDependency */ = {
			isa = PBXTargetDependency;
			target = 2B7E9C071B344F130027B072 /* Weather */;
			targetProxy = 2B7E9C1E1B344F130027B072 /* PBXContainerItemProxy */;
		};
/* End PBXTargetDependency section */

/* Begin PBXVariantGroup section */
		2B7E9C111B344F130027B072 /* Main.storyboard */ = {
			isa = PBXVariantGroup;
			children = (
				2B7E9C121B344F130027B072 /* Base */,
			);
			name = Main.storyboard;
			sourceTree = "<group>";
		};
		2B7E9C161B344F130027B072 /* LaunchScreen.xib */ = {
			isa = PBXVariantGroup;
			children = (
				2B7E9C171B344F130027B072 /* Base */,
			);
			name = LaunchScreen.xib;
			sourceTree = "<group>";
		};
/* End PBXVariantGroup section */

/* Begin XCBuildConfiguration section */
		2B7E9C251B344F130027B072 /* Debug */ = {
			isa = XCBuildConfiguration;
			buildSettings = {
				ALWAYS_SEARCH_USER_PATHS = NO;
				CLANG_CXX_LANGUAGE_STANDARD = "gnu++0x";
				CLANG_CXX_LIBRARY = "libc++";
				CLANG_ENABLE_MODULES = YES;
				CLANG_ENABLE_OBJC_ARC = YES;
				CLANG_WARN_BOOL_CONVERSION = YES;
				CLANG_WARN_CONSTANT_CONVERSION = YES;
				CLANG_WARN_DIRECT_OBJC_ISA_USAGE = YES_ERROR;
				CLANG_WARN_EMPTY_BODY = YES;
				CLANG_WARN_ENUM_CONVERSION = YES;
				CLANG_WARN_INT_CONVERSION = YES;
				CLANG_WARN_OBJC_ROOT_CLASS = YES_ERROR;
				CLANG_WARN_UNREACHABLE_CODE = YES;
				CLANG_WARN__DUPLICATE_METHOD_MATCH = YES;
				"CODE_SIGN_IDENTITY[sdk=iphoneos*]" = "iPhone Developer";
				COPY_PHASE_STRIP = NO;
				DEBUG_INFORMATION_FORMAT = "dwarf-with-dsym";
				ENABLE_STRICT_OBJC_MSGSEND = YES;
				GCC_C_LANGUAGE_STANDARD = gnu99;
				GCC_DYNAMIC_NO_PIC = NO;
				GCC_NO_COMMON_BLOCKS = YES;
				GCC_OPTIMIZATION_LEVEL = 0;
				GCC_PREPROCESSOR_DEFINITIONS = (
					"DEBUG=1",
					"$(inherited)",
				);
				GCC_SYMBOLS_PRIVATE_EXTERN = NO;
				GCC_WARN_64_TO_32_BIT_CONVERSION = YES;
				GCC_WARN_ABOUT_RETURN_TYPE = YES_ERROR;
				GCC_WARN_UNDECLARED_SELECTOR = YES;
				GCC_WARN_UNINITIALIZED_AUTOS = YES_AGGRESSIVE;
				GCC_WARN_UNUSED_FUNCTION = YES;
				GCC_WARN_UNUSED_VARIABLE = YES;
				IPHONEOS_DEPLOYMENT_TARGET = 8.3;
				MTL_ENABLE_DEBUG_INFO = YES;
				ONLY_ACTIVE_ARCH = YES;
				SDKROOT = iphoneos;
				SWIFT_OPTIMIZATION_LEVEL = "-Onone";
				TARGETED_DEVICE_FAMILY = "1,2";
			};
			name = Debug;
		};
		2B7E9C261B344F130027B072 /* Release */ = {
			isa = XCBuildConfiguration;
			buildSettings = {
				ALWAYS_SEARCH_USER_PATHS = NO;
				CLANG_CXX_LANGUAGE_STANDARD = "gnu++0x";
				CLANG_CXX_LIBRARY = "libc++";
				CLANG_ENABLE_MODULES = YES;
				CLANG_ENABLE_OBJC_ARC = YES;
				CLANG_WARN_BOOL_CONVERSION = YES;
				CLANG_WARN_CONSTANT_CONVERSION = YES;
				CLANG_WARN_DIRECT_OBJC_ISA_USAGE = YES_ERROR;
				CLANG_WARN_EMPTY_BODY = YES;
				CLANG_WARN_ENUM_CONVERSION = YES;
				CLANG_WARN_INT_CONVERSION = YES;
				CLANG_WARN_OBJC_ROOT_CLASS = YES_ERROR;
				CLANG_WARN_UNREACHABLE_CODE = YES;
				CLANG_WARN__DUPLICATE_METHOD_MATCH = YES;
				"CODE_SIGN_IDENTITY[sdk=iphoneos*]" = "iPhone Developer";
				COPY_PHASE_STRIP = NO;
				DEBUG_INFORMATION_FORMAT = "dwarf-with-dsym";
				ENABLE_NS_ASSERTIONS = NO;
				ENABLE_STRICT_OBJC_MSGSEND = YES;
				GCC_C_LANGUAGE_STANDARD = gnu99;
				GCC_NO_COMMON_BLOCKS = YES;
				GCC_WARN_64_TO_32_BIT_CONVERSION = YES;
				GCC_WARN_ABOUT_RETURN_TYPE = YES_ERROR;
				GCC_WARN_UNDECLARED_SELECTOR = YES;
				GCC_WARN_UNINITIALIZED_AUTOS = YES_AGGRESSIVE;
				GCC_WARN_UNUSED_FUNCTION = YES;
				GCC_WARN_UNUSED_VARIABLE = YES;
				IPHONEOS_DEPLOYMENT_TARGET = 8.3;
				MTL_ENABLE_DEBUG_INFO = NO;
				SDKROOT = iphoneos;
				TARGETED_DEVICE_FAMILY = "1,2";
				VALIDATE_PRODUCT = YES;
			};
			name = Release;
		};
		2B7E9C281B344F130027B072 /* Debug */ = {
			isa = XCBuildConfiguration;
			buildSettings = {
				ASSETCATALOG_COMPILER_APPICON_NAME = AppIcon;
				INFOPLIST_FILE = Weather/Info.plist;
				LD_RUNPATH_SEARCH_PATHS = "$(inherited) @executable_path/Frameworks";
				PRODUCT_NAME = "$(TARGET_NAME)";
			};
			name = Debug;
		};
		2B7E9C291B344F130027B072 /* Release */ = {
			isa = XCBuildConfiguration;
			buildSettings = {
				ASSETCATALOG_COMPILER_APPICON_NAME = AppIcon;
				INFOPLIST_FILE = Weather/Info.plist;
				LD_RUNPATH_SEARCH_PATHS = "$(inherited) @executable_path/Frameworks";
				PRODUCT_NAME = "$(TARGET_NAME)";
			};
			name = Release;
		};
		2B7E9C2B1B344F130027B072 /* Debug */ = {
			isa = XCBuildConfiguration;
			buildSettings = {
				BUNDLE_LOADER = "$(TEST_HOST)";
				FRAMEWORK_SEARCH_PATHS = (
					"$(SDKROOT)/Developer/Library/Frameworks",
					"$(inherited)",
				);
				GCC_PREPROCESSOR_DEFINITIONS = (
					"DEBUG=1",
					"$(inherited)",
				);
				INFOPLIST_FILE = WeatherTests/Info.plist;
				LD_RUNPATH_SEARCH_PATHS = "$(inherited) @executable_path/Frameworks @loader_path/Frameworks";
				PRODUCT_NAME = "$(TARGET_NAME)";
				TEST_HOST = "$(BUILT_PRODUCTS_DIR)/Weather.app/Weather";
			};
			name = Debug;
		};
		2B7E9C2C1B344F130027B072 /* Release */ = {
			isa = XCBuildConfiguration;
			buildSettings = {
				BUNDLE_LOADER = "$(TEST_HOST)";
				FRAMEWORK_SEARCH_PATHS = (
					"$(SDKROOT)/Developer/Library/Frameworks",
					"$(inherited)",
				);
				INFOPLIST_FILE = WeatherTests/Info.plist;
				LD_RUNPATH_SEARCH_PATHS = "$(inherited) @executable_path/Frameworks @loader_path/Frameworks";
				PRODUCT_NAME = "$(TARGET_NAME)";
				TEST_HOST = "$(BUILT_PRODUCTS_DIR)/Weather.app/Weather";
			};
			name = Release;
		};
/* End XCBuildConfiguration section */

/* Begin XCConfigurationList section */
		2B7E9C031B344F130027B072 /* Build configuration list for PBXProject "Weather" */ = {
			isa = XCConfigurationList;
			buildConfigurations = (
				2B7E9C251B344F130027B072 /* Debug */,
				2B7E9C261B344F130027B072 /* Release */,
			);
			defaultConfigurationIsVisible = 0;
			defaultConfigurationName = Release;
		};
		2B7E9C271B344F130027B072 /* Build configuration list for PBXNativeTarget "Weather" */ = {
			isa = XCConfigurationList;
			buildConfigurations = (
				2B7E9C281B344F130027B072 /* Debug */,
				2B7E9C291B344F130027B072 /* Release */,
			);
			defaultConfigurationIsVisible = 0;
		};
		2B7E9C2A1B344F130027B072 /* Build configuration list for PBXNativeTarget "WeatherTests" */ = {
			isa = XCConfigurationList;
			buildConfigurations = (
				2B7E9C2B1B344F130027B072 /* Debug */,
				2B7E9C2C1B344F130027B072 /* Release */,
			);
			defaultConfigurationIsVisible = 0;
		};
/* End XCConfigurationList section */
	};
	rootObject = 2B7E9C001B344F130027B072 /* Project object */;
}
